// !$*UTF8*$!
{
	archiveVersion = 1;
	classes = {
	};
	objectVersion = 55;
	objects = {

/* Begin PBXBuildFile section */
		17174B3728E4DF4700C7BD3C /* UIColor + gradient.swift in Sources */ = {isa = PBXBuildFile; fileRef = 17174B3628E4DF4700C7BD3C /* UIColor + gradient.swift */; };
		17174B3928E566BA00C7BD3C /* LanguageModel.swift in Sources */ = {isa = PBXBuildFile; fileRef = 17174B3828E566BA00C7BD3C /* LanguageModel.swift */; };
		17174B4128E5754700C7BD3C /* DetailedMentorPresenter.swift in Sources */ = {isa = PBXBuildFile; fileRef = 17174B3B28E5754600C7BD3C /* DetailedMentorPresenter.swift */; };
		17174B4228E5754700C7BD3C /* DetailedMentorWorker.swift in Sources */ = {isa = PBXBuildFile; fileRef = 17174B3C28E5754600C7BD3C /* DetailedMentorWorker.swift */; };
		17174B4328E5754700C7BD3C /* DetailedMentorRouter.swift in Sources */ = {isa = PBXBuildFile; fileRef = 17174B3D28E5754600C7BD3C /* DetailedMentorRouter.swift */; };
		17174B4428E5754700C7BD3C /* DetailedMentorModels.swift in Sources */ = {isa = PBXBuildFile; fileRef = 17174B3E28E5754600C7BD3C /* DetailedMentorModels.swift */; };
		17174B4528E5754700C7BD3C /* DetailedMentorViewController.swift in Sources */ = {isa = PBXBuildFile; fileRef = 17174B3F28E5754600C7BD3C /* DetailedMentorViewController.swift */; };
		17174B4628E5754700C7BD3C /* DetailedMentorInteractor.swift in Sources */ = {isa = PBXBuildFile; fileRef = 17174B4028E5754600C7BD3C /* DetailedMentorInteractor.swift */; };
		17174B4E28E6D93300C7BD3C /* BecomeMentorPresenter.swift in Sources */ = {isa = PBXBuildFile; fileRef = 17174B4828E6D93300C7BD3C /* BecomeMentorPresenter.swift */; };
		17174B4F28E6D93300C7BD3C /* BecomeMentorWorker.swift in Sources */ = {isa = PBXBuildFile; fileRef = 17174B4928E6D93300C7BD3C /* BecomeMentorWorker.swift */; };
		17174B5028E6D93300C7BD3C /* BecomeMentorRouter.swift in Sources */ = {isa = PBXBuildFile; fileRef = 17174B4A28E6D93300C7BD3C /* BecomeMentorRouter.swift */; };
		17174B5128E6D93300C7BD3C /* BecomeMentorModels.swift in Sources */ = {isa = PBXBuildFile; fileRef = 17174B4B28E6D93300C7BD3C /* BecomeMentorModels.swift */; };
		17174B5228E6D93300C7BD3C /* BecomeMentorViewController.swift in Sources */ = {isa = PBXBuildFile; fileRef = 17174B4C28E6D93300C7BD3C /* BecomeMentorViewController.swift */; };
		17174B5328E6D93300C7BD3C /* BecomeMentorInteractor.swift in Sources */ = {isa = PBXBuildFile; fileRef = 17174B4D28E6D93300C7BD3C /* BecomeMentorInteractor.swift */; };
		17174B5628E6F55E00C7BD3C /* UIViewController + endEditing.swift in Sources */ = {isa = PBXBuildFile; fileRef = 17174B5528E6F55E00C7BD3C /* UIViewController + endEditing.swift */; };
		17B49C5428E8176800AFC68E /* SelectLanguagesViewController.swift in Sources */ = {isa = PBXBuildFile; fileRef = 17B49C5328E8176800AFC68E /* SelectLanguagesViewController.swift */; };
		17B49C5628E8183900AFC68E /* LanguageTableViewCell.swift in Sources */ = {isa = PBXBuildFile; fileRef = 17B49C5528E8183900AFC68E /* LanguageTableViewCell.swift */; };
		17B49C5828E83C9D00AFC68E /* SelectLanguageViewModel.swift in Sources */ = {isa = PBXBuildFile; fileRef = 17B49C5728E83C9D00AFC68E /* SelectLanguageViewModel.swift */; };
		17CD8DCA28E4735900F0D1EE /* MentorCell.swift in Sources */ = {isa = PBXBuildFile; fileRef = 17CD8DC928E4735900F0D1EE /* MentorCell.swift */; };
		17CD8DCC28E47A5F00F0D1EE /* LanguageCell.swift in Sources */ = {isa = PBXBuildFile; fileRef = 17CD8DCB28E47A5F00F0D1EE /* LanguageCell.swift */; };
		17E6798528E3766B00B140B5 /* Main.storyboard in Resources */ = {isa = PBXBuildFile; fileRef = 17E6798328E3766B00B140B5 /* Main.storyboard */; };
		17E6798728E3766D00B140B5 /* Assets.xcassets in Resources */ = {isa = PBXBuildFile; fileRef = 17E6798628E3766D00B140B5 /* Assets.xcassets */; };
		17E6798A28E3766D00B140B5 /* LaunchScreen.storyboard in Resources */ = {isa = PBXBuildFile; fileRef = 17E6798828E3766D00B140B5 /* LaunchScreen.storyboard */; };
		17E679BA28E3790D00B140B5 /* SceneDelagate.swift in Sources */ = {isa = PBXBuildFile; fileRef = 17E679B928E3790D00B140B5 /* SceneDelagate.swift */; };
		17E679BC28E3792A00B140B5 /* AppDelegate.swift in Sources */ = {isa = PBXBuildFile; fileRef = 17E679BB28E3792A00B140B5 /* AppDelegate.swift */; };
		17E679BE28E3793F00B140B5 /* TabBarController.swift in Sources */ = {isa = PBXBuildFile; fileRef = 17E679BD28E3793F00B140B5 /* TabBarController.swift */; };
		17E679C128E3796D00B140B5 /* UIColor + hex.swift in Sources */ = {isa = PBXBuildFile; fileRef = 17E679C028E3796D00B140B5 /* UIColor + hex.swift */; };
		17E679C328E3798200B140B5 /* AppColors.swift in Sources */ = {isa = PBXBuildFile; fileRef = 17E679C228E3798200B140B5 /* AppColors.swift */; };
		17E679CB28E379B200B140B5 /* MentorsScreenPresenter.swift in Sources */ = {isa = PBXBuildFile; fileRef = 17E679C528E379B200B140B5 /* MentorsScreenPresenter.swift */; };
		17E679CC28E379B200B140B5 /* MentorsScreenWorker.swift in Sources */ = {isa = PBXBuildFile; fileRef = 17E679C628E379B200B140B5 /* MentorsScreenWorker.swift */; };
		17E679CD28E379B200B140B5 /* MentorsScreenRouter.swift in Sources */ = {isa = PBXBuildFile; fileRef = 17E679C728E379B200B140B5 /* MentorsScreenRouter.swift */; };
		17E679CE28E379B200B140B5 /* MentorsScreenModels.swift in Sources */ = {isa = PBXBuildFile; fileRef = 17E679C828E379B200B140B5 /* MentorsScreenModels.swift */; };
		17E679CF28E379B200B140B5 /* MentorsScreenViewController.swift in Sources */ = {isa = PBXBuildFile; fileRef = 17E679C928E379B200B140B5 /* MentorsScreenViewController.swift */; };
		17E679D028E379B200B140B5 /* MentorsScreenInteractor.swift in Sources */ = {isa = PBXBuildFile; fileRef = 17E679CA28E379B200B140B5 /* MentorsScreenInteractor.swift */; };
		17E679D928E379E400B140B5 /* ProfileScreenPresenter.swift in Sources */ = {isa = PBXBuildFile; fileRef = 17E679D328E379E400B140B5 /* ProfileScreenPresenter.swift */; };
		17E679DA28E379E400B140B5 /* ProfileScreenWorker.swift in Sources */ = {isa = PBXBuildFile; fileRef = 17E679D428E379E400B140B5 /* ProfileScreenWorker.swift */; };
		17E679DB28E379E400B140B5 /* ProfileScreenRouter.swift in Sources */ = {isa = PBXBuildFile; fileRef = 17E679D528E379E400B140B5 /* ProfileScreenRouter.swift */; };
		17E679DC28E379E400B140B5 /* ProfileScreenModels.swift in Sources */ = {isa = PBXBuildFile; fileRef = 17E679D628E379E400B140B5 /* ProfileScreenModels.swift */; };
		17E679DD28E379E400B140B5 /* ProfileScreenViewController.swift in Sources */ = {isa = PBXBuildFile; fileRef = 17E679D728E379E400B140B5 /* ProfileScreenViewController.swift */; };
		17E679DE28E379E400B140B5 /* ProfileScreenInteractor.swift in Sources */ = {isa = PBXBuildFile; fileRef = 17E679D828E379E400B140B5 /* ProfileScreenInteractor.swift */; };
		17F5A95528EB2EAD002546EF /* MentorListConfigurator.swift in Sources */ = {isa = PBXBuildFile; fileRef = 17F5A95428EB2EAC002546EF /* MentorListConfigurator.swift */; };
		17F5A95728EB3047002546EF /* DetailedMentorConfigurator.swift in Sources */ = {isa = PBXBuildFile; fileRef = 17F5A95628EB3047002546EF /* DetailedMentorConfigurator.swift */; };
		17F5A95928EB311D002546EF /* BecomeMentorConfigurator.swift in Sources */ = {isa = PBXBuildFile; fileRef = 17F5A95828EB311D002546EF /* BecomeMentorConfigurator.swift */; };
		17F5A95B28EB318C002546EF /* ProfileScreenConfigurator.swift in Sources */ = {isa = PBXBuildFile; fileRef = 17F5A95A28EB318C002546EF /* ProfileScreenConfigurator.swift */; };
		17F5A95D28EB3F43002546EF /* GoogleService-Info.plist in Resources */ = {isa = PBXBuildFile; fileRef = 17F5A95C28EB3F43002546EF /* GoogleService-Info.plist */; };
		715474AF4F52CE8845735198 /* Pods_ITmentors.framework in Frameworks */ = {isa = PBXBuildFile; fileRef = B3EEEBD1368A37F2A6EDBA78 /* Pods_ITmentors.framework */; };
/* End PBXBuildFile section */

/* Begin PBXFileReference section */
		17174B3628E4DF4700C7BD3C /* UIColor + gradient.swift */ = {isa = PBXFileReference; lastKnownFileType = sourcecode.swift; path = "UIColor + gradient.swift"; sourceTree = "<group>"; };
		17174B3828E566BA00C7BD3C /* LanguageModel.swift */ = {isa = PBXFileReference; lastKnownFileType = sourcecode.swift; path = LanguageModel.swift; sourceTree = "<group>"; };
		17174B3B28E5754600C7BD3C /* DetailedMentorPresenter.swift */ = {isa = PBXFileReference; lastKnownFileType = sourcecode.swift; path = DetailedMentorPresenter.swift; sourceTree = "<group>"; };
		17174B3C28E5754600C7BD3C /* DetailedMentorWorker.swift */ = {isa = PBXFileReference; lastKnownFileType = sourcecode.swift; path = DetailedMentorWorker.swift; sourceTree = "<group>"; };
		17174B3D28E5754600C7BD3C /* DetailedMentorRouter.swift */ = {isa = PBXFileReference; lastKnownFileType = sourcecode.swift; path = DetailedMentorRouter.swift; sourceTree = "<group>"; };
		17174B3E28E5754600C7BD3C /* DetailedMentorModels.swift */ = {isa = PBXFileReference; lastKnownFileType = sourcecode.swift; path = DetailedMentorModels.swift; sourceTree = "<group>"; };
		17174B3F28E5754600C7BD3C /* DetailedMentorViewController.swift */ = {isa = PBXFileReference; lastKnownFileType = sourcecode.swift; path = DetailedMentorViewController.swift; sourceTree = "<group>"; };
		17174B4028E5754600C7BD3C /* DetailedMentorInteractor.swift */ = {isa = PBXFileReference; lastKnownFileType = sourcecode.swift; path = DetailedMentorInteractor.swift; sourceTree = "<group>"; };
		17174B4828E6D93300C7BD3C /* BecomeMentorPresenter.swift */ = {isa = PBXFileReference; lastKnownFileType = sourcecode.swift; path = BecomeMentorPresenter.swift; sourceTree = "<group>"; };
		17174B4928E6D93300C7BD3C /* BecomeMentorWorker.swift */ = {isa = PBXFileReference; lastKnownFileType = sourcecode.swift; path = BecomeMentorWorker.swift; sourceTree = "<group>"; };
		17174B4A28E6D93300C7BD3C /* BecomeMentorRouter.swift */ = {isa = PBXFileReference; lastKnownFileType = sourcecode.swift; path = BecomeMentorRouter.swift; sourceTree = "<group>"; };
		17174B4B28E6D93300C7BD3C /* BecomeMentorModels.swift */ = {isa = PBXFileReference; lastKnownFileType = sourcecode.swift; path = BecomeMentorModels.swift; sourceTree = "<group>"; };
		17174B4C28E6D93300C7BD3C /* BecomeMentorViewController.swift */ = {isa = PBXFileReference; lastKnownFileType = sourcecode.swift; path = BecomeMentorViewController.swift; sourceTree = "<group>"; };
		17174B4D28E6D93300C7BD3C /* BecomeMentorInteractor.swift */ = {isa = PBXFileReference; lastKnownFileType = sourcecode.swift; path = BecomeMentorInteractor.swift; sourceTree = "<group>"; };
		17174B5528E6F55E00C7BD3C /* UIViewController + endEditing.swift */ = {isa = PBXFileReference; lastKnownFileType = sourcecode.swift; path = "UIViewController + endEditing.swift"; sourceTree = "<group>"; };
		17B49C5328E8176800AFC68E /* SelectLanguagesViewController.swift */ = {isa = PBXFileReference; lastKnownFileType = sourcecode.swift; path = SelectLanguagesViewController.swift; sourceTree = "<group>"; };
		17B49C5528E8183900AFC68E /* LanguageTableViewCell.swift */ = {isa = PBXFileReference; lastKnownFileType = sourcecode.swift; path = LanguageTableViewCell.swift; sourceTree = "<group>"; };
		17B49C5728E83C9D00AFC68E /* SelectLanguageViewModel.swift */ = {isa = PBXFileReference; lastKnownFileType = sourcecode.swift; path = SelectLanguageViewModel.swift; sourceTree = "<group>"; };
		17CD8DC928E4735900F0D1EE /* MentorCell.swift */ = {isa = PBXFileReference; lastKnownFileType = sourcecode.swift; path = MentorCell.swift; sourceTree = "<group>"; };
		17CD8DCB28E47A5F00F0D1EE /* LanguageCell.swift */ = {isa = PBXFileReference; lastKnownFileType = sourcecode.swift; path = LanguageCell.swift; sourceTree = "<group>"; };
		17E6797A28E3766B00B140B5 /* ITmentors.app */ = {isa = PBXFileReference; explicitFileType = wrapper.application; includeInIndex = 0; path = ITmentors.app; sourceTree = BUILT_PRODUCTS_DIR; };
		17E6798428E3766B00B140B5 /* Base */ = {isa = PBXFileReference; lastKnownFileType = file.storyboard; name = Base; path = Base.lproj/Main.storyboard; sourceTree = "<group>"; };
		17E6798628E3766D00B140B5 /* Assets.xcassets */ = {isa = PBXFileReference; lastKnownFileType = folder.assetcatalog; path = Assets.xcassets; sourceTree = "<group>"; };
		17E6798928E3766D00B140B5 /* Base */ = {isa = PBXFileReference; lastKnownFileType = file.storyboard; name = Base; path = Base.lproj/LaunchScreen.storyboard; sourceTree = "<group>"; };
		17E6798B28E3766D00B140B5 /* Info.plist */ = {isa = PBXFileReference; lastKnownFileType = text.plist.xml; path = Info.plist; sourceTree = "<group>"; };
		17E679B928E3790D00B140B5 /* SceneDelagate.swift */ = {isa = PBXFileReference; lastKnownFileType = sourcecode.swift; path = SceneDelagate.swift; sourceTree = "<group>"; };
		17E679BB28E3792A00B140B5 /* AppDelegate.swift */ = {isa = PBXFileReference; lastKnownFileType = sourcecode.swift; path = AppDelegate.swift; sourceTree = "<group>"; };
		17E679BD28E3793F00B140B5 /* TabBarController.swift */ = {isa = PBXFileReference; lastKnownFileType = sourcecode.swift; path = TabBarController.swift; sourceTree = "<group>"; };
		17E679C028E3796D00B140B5 /* UIColor + hex.swift */ = {isa = PBXFileReference; lastKnownFileType = sourcecode.swift; path = "UIColor + hex.swift"; sourceTree = "<group>"; };
		17E679C228E3798200B140B5 /* AppColors.swift */ = {isa = PBXFileReference; lastKnownFileType = sourcecode.swift; path = AppColors.swift; sourceTree = "<group>"; };
		17E679C528E379B200B140B5 /* MentorsScreenPresenter.swift */ = {isa = PBXFileReference; lastKnownFileType = sourcecode.swift; path = MentorsScreenPresenter.swift; sourceTree = "<group>"; };
		17E679C628E379B200B140B5 /* MentorsScreenWorker.swift */ = {isa = PBXFileReference; lastKnownFileType = sourcecode.swift; path = MentorsScreenWorker.swift; sourceTree = "<group>"; };
		17E679C728E379B200B140B5 /* MentorsScreenRouter.swift */ = {isa = PBXFileReference; lastKnownFileType = sourcecode.swift; path = MentorsScreenRouter.swift; sourceTree = "<group>"; };
		17E679C828E379B200B140B5 /* MentorsScreenModels.swift */ = {isa = PBXFileReference; lastKnownFileType = sourcecode.swift; path = MentorsScreenModels.swift; sourceTree = "<group>"; };
		17E679C928E379B200B140B5 /* MentorsScreenViewController.swift */ = {isa = PBXFileReference; lastKnownFileType = sourcecode.swift; path = MentorsScreenViewController.swift; sourceTree = "<group>"; };
		17E679CA28E379B200B140B5 /* MentorsScreenInteractor.swift */ = {isa = PBXFileReference; lastKnownFileType = sourcecode.swift; path = MentorsScreenInteractor.swift; sourceTree = "<group>"; };
		17E679D328E379E400B140B5 /* ProfileScreenPresenter.swift */ = {isa = PBXFileReference; lastKnownFileType = sourcecode.swift; path = ProfileScreenPresenter.swift; sourceTree = "<group>"; };
		17E679D428E379E400B140B5 /* ProfileScreenWorker.swift */ = {isa = PBXFileReference; lastKnownFileType = sourcecode.swift; path = ProfileScreenWorker.swift; sourceTree = "<group>"; };
		17E679D528E379E400B140B5 /* ProfileScreenRouter.swift */ = {isa = PBXFileReference; lastKnownFileType = sourcecode.swift; path = ProfileScreenRouter.swift; sourceTree = "<group>"; };
		17E679D628E379E400B140B5 /* ProfileScreenModels.swift */ = {isa = PBXFileReference; lastKnownFileType = sourcecode.swift; path = ProfileScreenModels.swift; sourceTree = "<group>"; };
		17E679D728E379E400B140B5 /* ProfileScreenViewController.swift */ = {isa = PBXFileReference; lastKnownFileType = sourcecode.swift; path = ProfileScreenViewController.swift; sourceTree = "<group>"; };
		17E679D828E379E400B140B5 /* ProfileScreenInteractor.swift */ = {isa = PBXFileReference; lastKnownFileType = sourcecode.swift; path = ProfileScreenInteractor.swift; sourceTree = "<group>"; };
		17F5A95428EB2EAC002546EF /* MentorListConfigurator.swift */ = {isa = PBXFileReference; lastKnownFileType = sourcecode.swift; path = MentorListConfigurator.swift; sourceTree = "<group>"; };
		17F5A95628EB3047002546EF /* DetailedMentorConfigurator.swift */ = {isa = PBXFileReference; lastKnownFileType = sourcecode.swift; path = DetailedMentorConfigurator.swift; sourceTree = "<group>"; };
		17F5A95828EB311D002546EF /* BecomeMentorConfigurator.swift */ = {isa = PBXFileReference; lastKnownFileType = sourcecode.swift; path = BecomeMentorConfigurator.swift; sourceTree = "<group>"; };
		17F5A95A28EB318C002546EF /* ProfileScreenConfigurator.swift */ = {isa = PBXFileReference; lastKnownFileType = sourcecode.swift; path = ProfileScreenConfigurator.swift; sourceTree = "<group>"; };
		17F5A95C28EB3F43002546EF /* GoogleService-Info.plist */ = {isa = PBXFileReference; fileEncoding = 4; lastKnownFileType = text.plist.xml; name = "GoogleService-Info.plist"; path = "../../../Downloads/GoogleService-Info.plist"; sourceTree = "<group>"; };
		6E26E4E6C33EDF6B072D6DA1 /* Pods-ITmentors.debug.xcconfig */ = {isa = PBXFileReference; includeInIndex = 1; lastKnownFileType = text.xcconfig; name = "Pods-ITmentors.debug.xcconfig"; path = "Target Support Files/Pods-ITmentors/Pods-ITmentors.debug.xcconfig"; sourceTree = "<group>"; };
		B3EEEBD1368A37F2A6EDBA78 /* Pods_ITmentors.framework */ = {isa = PBXFileReference; explicitFileType = wrapper.framework; includeInIndex = 0; path = Pods_ITmentors.framework; sourceTree = BUILT_PRODUCTS_DIR; };
		F447410171C934258E4BA426 /* Pods-ITmentors.release.xcconfig */ = {isa = PBXFileReference; includeInIndex = 1; lastKnownFileType = text.xcconfig; name = "Pods-ITmentors.release.xcconfig"; path = "Target Support Files/Pods-ITmentors/Pods-ITmentors.release.xcconfig"; sourceTree = "<group>"; };
/* End PBXFileReference section */

/* Begin PBXFrameworksBuildPhase section */
		17E6797728E3766B00B140B5 /* Frameworks */ = {
			isa = PBXFrameworksBuildPhase;
			buildActionMask = 2147483647;
			files = (
				715474AF4F52CE8845735198 /* Pods_ITmentors.framework in Frameworks */,
			);
			runOnlyForDeploymentPostprocessing = 0;
		};
/* End PBXFrameworksBuildPhase section */

/* Begin PBXGroup section */
		17174B3A28E5751300C7BD3C /* DetailedMentorScene */ = {
			isa = PBXGroup;
			children = (
				17174B3F28E5754600C7BD3C /* DetailedMentorViewController.swift */,
				17174B4028E5754600C7BD3C /* DetailedMentorInteractor.swift */,
				17174B3B28E5754600C7BD3C /* DetailedMentorPresenter.swift */,
				17174B3C28E5754600C7BD3C /* DetailedMentorWorker.swift */,
				17174B3D28E5754600C7BD3C /* DetailedMentorRouter.swift */,
				17174B3E28E5754600C7BD3C /* DetailedMentorModels.swift */,
				17F5A95628EB3047002546EF /* DetailedMentorConfigurator.swift */,
			);
			path = DetailedMentorScene;
			sourceTree = "<group>";
		};
		17174B4728E6D91D00C7BD3C /* BecomeMentorScene */ = {
			isa = PBXGroup;
			children = (
				17B49C5928E83CB400AFC68E /* SelectLanguageScene */,
				17174B4C28E6D93300C7BD3C /* BecomeMentorViewController.swift */,
				17174B4D28E6D93300C7BD3C /* BecomeMentorInteractor.swift */,
				17174B4828E6D93300C7BD3C /* BecomeMentorPresenter.swift */,
				17174B4928E6D93300C7BD3C /* BecomeMentorWorker.swift */,
				17174B4A28E6D93300C7BD3C /* BecomeMentorRouter.swift */,
				17174B4B28E6D93300C7BD3C /* BecomeMentorModels.swift */,
				17F5A95828EB311D002546EF /* BecomeMentorConfigurator.swift */,
			);
			path = BecomeMentorScene;
			sourceTree = "<group>";
		};
		17174B5428E6D94400C7BD3C /* Cells & models */ = {
			isa = PBXGroup;
			children = (
				17CD8DC928E4735900F0D1EE /* MentorCell.swift */,
				17174B3828E566BA00C7BD3C /* LanguageModel.swift */,
				17CD8DCB28E47A5F00F0D1EE /* LanguageCell.swift */,
			);
			path = "Cells & models";
			sourceTree = "<group>";
		};
		17B49C5228E8172100AFC68E /* ProfileScene */ = {
			isa = PBXGroup;
			children = (
				17E679D728E379E400B140B5 /* ProfileScreenViewController.swift */,
				17E679D828E379E400B140B5 /* ProfileScreenInteractor.swift */,
				17E679D328E379E400B140B5 /* ProfileScreenPresenter.swift */,
				17E679D428E379E400B140B5 /* ProfileScreenWorker.swift */,
				17E679D528E379E400B140B5 /* ProfileScreenRouter.swift */,
				17E679D628E379E400B140B5 /* ProfileScreenModels.swift */,
				17F5A95A28EB318C002546EF /* ProfileScreenConfigurator.swift */,
			);
			path = ProfileScene;
			sourceTree = "<group>";
		};
		17B49C5928E83CB400AFC68E /* SelectLanguageScene */ = {
			isa = PBXGroup;
			children = (
				17B49C5328E8176800AFC68E /* SelectLanguagesViewController.swift */,
				17B49C5728E83C9D00AFC68E /* SelectLanguageViewModel.swift */,
				17B49C5528E8183900AFC68E /* LanguageTableViewCell.swift */,
			);
			path = SelectLanguageScene;
			sourceTree = "<group>";
		};
		17CD8DC828E4732A00F0D1EE /* MentorsListScene */ = {
			isa = PBXGroup;
			children = (
				17E679C928E379B200B140B5 /* MentorsScreenViewController.swift */,
				17E679CA28E379B200B140B5 /* MentorsScreenInteractor.swift */,
				17E679C528E379B200B140B5 /* MentorsScreenPresenter.swift */,
				17E679C628E379B200B140B5 /* MentorsScreenWorker.swift */,
				17E679C728E379B200B140B5 /* MentorsScreenRouter.swift */,
				17E679C828E379B200B140B5 /* MentorsScreenModels.swift */,
				17F5A95428EB2EAC002546EF /* MentorListConfigurator.swift */,
			);
			path = MentorsListScene;
			sourceTree = "<group>";
		};
		17E6797128E3766B00B140B5 = {
			isa = PBXGroup;
			children = (
				17E6797C28E3766B00B140B5 /* ITmentors */,
				17E6797B28E3766B00B140B5 /* Products */,
				81519EE51DD60C660997C707 /* Pods */,
				2EE86999D8B25E0D7347E863 /* Frameworks */,
			);
			sourceTree = "<group>";
		};
		17E6797B28E3766B00B140B5 /* Products */ = {
			isa = PBXGroup;
			children = (
				17E6797A28E3766B00B140B5 /* ITmentors.app */,
			);
			name = Products;
			sourceTree = "<group>";
		};
		17E6797C28E3766B00B140B5 /* ITmentors */ = {
			isa = PBXGroup;
			children = (
				17F5A95C28EB3F43002546EF /* GoogleService-Info.plist */,
				17E679BF28E3795100B140B5 /* Helpers */,
				17E679C428E379A200B140B5 /* Scenes */,
				17E679B828E378E500B140B5 /* App&scene delegates */,
				17E6798328E3766B00B140B5 /* Main.storyboard */,
				17E6798628E3766D00B140B5 /* Assets.xcassets */,
				17E6798828E3766D00B140B5 /* LaunchScreen.storyboard */,
				17E6798B28E3766D00B140B5 /* Info.plist */,
			);
			path = ITmentors;
			sourceTree = "<group>";
		};
		17E679B828E378E500B140B5 /* App&scene delegates */ = {
			isa = PBXGroup;
			children = (
				17E679B928E3790D00B140B5 /* SceneDelagate.swift */,
				17E679BB28E3792A00B140B5 /* AppDelegate.swift */,
				17E679BD28E3793F00B140B5 /* TabBarController.swift */,
			);
			path = "App&scene delegates";
			sourceTree = "<group>";
		};
		17E679BF28E3795100B140B5 /* Helpers */ = {
			isa = PBXGroup;
			children = (
				17E679C028E3796D00B140B5 /* UIColor + hex.swift */,
				17E679C228E3798200B140B5 /* AppColors.swift */,
				17174B3628E4DF4700C7BD3C /* UIColor + gradient.swift */,
				17174B5528E6F55E00C7BD3C /* UIViewController + endEditing.swift */,
			);
			path = Helpers;
			sourceTree = "<group>";
		};
		17E679C428E379A200B140B5 /* Scenes */ = {
			isa = PBXGroup;
			children = (
				17E679D128E379C000B140B5 /* Mentors */,
				17E679D228E379CB00B140B5 /* Profiles */,
			);
			path = Scenes;
			sourceTree = "<group>";
		};
		17E679D128E379C000B140B5 /* Mentors */ = {
			isa = PBXGroup;
			children = (
				17CD8DC828E4732A00F0D1EE /* MentorsListScene */,
				17174B3A28E5751300C7BD3C /* DetailedMentorScene */,
				17174B5428E6D94400C7BD3C /* Cells & models */,
			);
			path = Mentors;
			sourceTree = "<group>";
		};
		17E679D228E379CB00B140B5 /* Profiles */ = {
			isa = PBXGroup;
			children = (
				17174B4728E6D91D00C7BD3C /* BecomeMentorScene */,
				17B49C5228E8172100AFC68E /* ProfileScene */,
			);
			path = Profiles;
			sourceTree = "<group>";
		};
		2EE86999D8B25E0D7347E863 /* Frameworks */ = {
			isa = PBXGroup;
			children = (
				B3EEEBD1368A37F2A6EDBA78 /* Pods_ITmentors.framework */,
			);
			name = Frameworks;
			sourceTree = "<group>";
		};
		81519EE51DD60C660997C707 /* Pods */ = {
			isa = PBXGroup;
			children = (
				6E26E4E6C33EDF6B072D6DA1 /* Pods-ITmentors.debug.xcconfig */,
				F447410171C934258E4BA426 /* Pods-ITmentors.release.xcconfig */,
			);
			path = Pods;
			sourceTree = "<group>";
		};
/* End PBXGroup section */

/* Begin PBXNativeTarget section */
		17E6797928E3766B00B140B5 /* ITmentors */ = {
			isa = PBXNativeTarget;
			buildConfigurationList = 17E6798E28E3766D00B140B5 /* Build configuration list for PBXNativeTarget "ITmentors" */;
			buildPhases = (
				FE46C05C4CE8E103523BE25E /* [CP] Check Pods Manifest.lock */,
				17E6797628E3766B00B140B5 /* Sources */,
				17E6797728E3766B00B140B5 /* Frameworks */,
				17E6797828E3766B00B140B5 /* Resources */,
				E32E16C45D688FFA646988EE /* [CP] Embed Pods Frameworks */,
			);
			buildRules = (
			);
			dependencies = (
			);
			name = ITmentors;
			productName = ITmentors;
			productReference = 17E6797A28E3766B00B140B5 /* ITmentors.app */;
			productType = "com.apple.product-type.application";
		};
/* End PBXNativeTarget section */

/* Begin PBXProject section */
		17E6797228E3766B00B140B5 /* Project object */ = {
			isa = PBXProject;
			attributes = {
				BuildIndependentTargetsInParallel = 1;
				LastSwiftUpdateCheck = 1400;
				LastUpgradeCheck = 1400;
				TargetAttributes = {
					17E6797928E3766B00B140B5 = {
						CreatedOnToolsVersion = 14.0;
						LastSwiftMigration = 1400;
					};
				};
			};
			buildConfigurationList = 17E6797528E3766B00B140B5 /* Build configuration list for PBXProject "ITmentors" */;
			compatibilityVersion = "Xcode 13.0";
			developmentRegion = en;
			hasScannedForEncodings = 0;
			knownRegions = (
				en,
				Base,
			);
			mainGroup = 17E6797128E3766B00B140B5;
			productRefGroup = 17E6797B28E3766B00B140B5 /* Products */;
			projectDirPath = "";
			projectRoot = "";
			targets = (
				17E6797928E3766B00B140B5 /* ITmentors */,
			);
		};
/* End PBXProject section */

/* Begin PBXResourcesBuildPhase section */
		17E6797828E3766B00B140B5 /* Resources */ = {
			isa = PBXResourcesBuildPhase;
			buildActionMask = 2147483647;
			files = (
				17E6798A28E3766D00B140B5 /* LaunchScreen.storyboard in Resources */,
				17F5A95D28EB3F43002546EF /* GoogleService-Info.plist in Resources */,
				17E6798728E3766D00B140B5 /* Assets.xcassets in Resources */,
				17E6798528E3766B00B140B5 /* Main.storyboard in Resources */,
			);
			runOnlyForDeploymentPostprocessing = 0;
		};
/* End PBXResourcesBuildPhase section */

/* Begin PBXShellScriptBuildPhase section */
		E32E16C45D688FFA646988EE /* [CP] Embed Pods Frameworks */ = {
			isa = PBXShellScriptBuildPhase;
			buildActionMask = 2147483647;
			files = (
			);
			inputFileListPaths = (
				"${PODS_ROOT}/Target Support Files/Pods-ITmentors/Pods-ITmentors-frameworks-${CONFIGURATION}-input-files.xcfilelist",
			);
			name = "[CP] Embed Pods Frameworks";
			outputFileListPaths = (
				"${PODS_ROOT}/Target Support Files/Pods-ITmentors/Pods-ITmentors-frameworks-${CONFIGURATION}-output-files.xcfilelist",
			);
			runOnlyForDeploymentPostprocessing = 0;
			shellPath = /bin/sh;
			shellScript = "\"${PODS_ROOT}/Target Support Files/Pods-ITmentors/Pods-ITmentors-frameworks.sh\"\n";
			showEnvVarsInLog = 0;
		};
		FE46C05C4CE8E103523BE25E /* [CP] Check Pods Manifest.lock */ = {
			isa = PBXShellScriptBuildPhase;
			buildActionMask = 2147483647;
			files = (
			);
			inputFileListPaths = (
			);
			inputPaths = (
				"${PODS_PODFILE_DIR_PATH}/Podfile.lock",
				"${PODS_ROOT}/Manifest.lock",
			);
			name = "[CP] Check Pods Manifest.lock";
			outputFileListPaths = (
			);
			outputPaths = (
				"$(DERIVED_FILE_DIR)/Pods-ITmentors-checkManifestLockResult.txt",
			);
			runOnlyForDeploymentPostprocessing = 0;
			shellPath = /bin/sh;
			shellScript = "diff \"${PODS_PODFILE_DIR_PATH}/Podfile.lock\" \"${PODS_ROOT}/Manifest.lock\" > /dev/null\nif [ $? != 0 ] ; then\n    # print error to STDERR\n    echo \"error: The sandbox is not in sync with the Podfile.lock. Run 'pod install' or update your CocoaPods installation.\" >&2\n    exit 1\nfi\n# This output is used by Xcode 'outputs' to avoid re-running this script phase.\necho \"SUCCESS\" > \"${SCRIPT_OUTPUT_FILE_0}\"\n";
			showEnvVarsInLog = 0;
		};
/* End PBXShellScriptBuildPhase section */

/* Begin PBXSourcesBuildPhase section */
		17E6797628E3766B00B140B5 /* Sources */ = {
			isa = PBXSourcesBuildPhase;
			buildActionMask = 2147483647;
			files = (
				17CD8DCA28E4735900F0D1EE /* MentorCell.swift in Sources */,
				17E679DB28E379E400B140B5 /* ProfileScreenRouter.swift in Sources */,
				17174B4E28E6D93300C7BD3C /* BecomeMentorPresenter.swift in Sources */,
				17E679D928E379E400B140B5 /* ProfileScreenPresenter.swift in Sources */,
				17F5A95928EB311D002546EF /* BecomeMentorConfigurator.swift in Sources */,
				17E679BE28E3793F00B140B5 /* TabBarController.swift in Sources */,
				17E679DA28E379E400B140B5 /* ProfileScreenWorker.swift in Sources */,
				17E679DD28E379E400B140B5 /* ProfileScreenViewController.swift in Sources */,
				17E679CF28E379B200B140B5 /* MentorsScreenViewController.swift in Sources */,
				17174B5128E6D93300C7BD3C /* BecomeMentorModels.swift in Sources */,
				17B49C5428E8176800AFC68E /* SelectLanguagesViewController.swift in Sources */,
				17E679BC28E3792A00B140B5 /* AppDelegate.swift in Sources */,
				17E679CC28E379B200B140B5 /* MentorsScreenWorker.swift in Sources */,
				17174B4428E5754700C7BD3C /* DetailedMentorModels.swift in Sources */,
				17E679DE28E379E400B140B5 /* ProfileScreenInteractor.swift in Sources */,
				17174B4F28E6D93300C7BD3C /* BecomeMentorWorker.swift in Sources */,
				17F5A95528EB2EAD002546EF /* MentorListConfigurator.swift in Sources */,
				17E679CE28E379B200B140B5 /* MentorsScreenModels.swift in Sources */,
				17174B4228E5754700C7BD3C /* DetailedMentorWorker.swift in Sources */,
				17174B5328E6D93300C7BD3C /* BecomeMentorInteractor.swift in Sources */,
				17CD8DCC28E47A5F00F0D1EE /* LanguageCell.swift in Sources */,
				17B49C5828E83C9D00AFC68E /* SelectLanguageViewModel.swift in Sources */,
				17174B5028E6D93300C7BD3C /* BecomeMentorRouter.swift in Sources */,
				17E679BA28E3790D00B140B5 /* SceneDelagate.swift in Sources */,
				17B49C5628E8183900AFC68E /* LanguageTableViewCell.swift in Sources */,
				17174B4128E5754700C7BD3C /* DetailedMentorPresenter.swift in Sources */,
				17174B5228E6D93300C7BD3C /* BecomeMentorViewController.swift in Sources */,
				17174B4328E5754700C7BD3C /* DetailedMentorRouter.swift in Sources */,
				17174B5628E6F55E00C7BD3C /* UIViewController + endEditing.swift in Sources */,
				17174B3728E4DF4700C7BD3C /* UIColor + gradient.swift in Sources */,
				17E679D028E379B200B140B5 /* MentorsScreenInteractor.swift in Sources */,
				17174B4628E5754700C7BD3C /* DetailedMentorInteractor.swift in Sources */,
				17F5A95728EB3047002546EF /* DetailedMentorConfigurator.swift in Sources */,
				17E679C328E3798200B140B5 /* AppColors.swift in Sources */,
				17174B3928E566BA00C7BD3C /* LanguageModel.swift in Sources */,
				17E679CD28E379B200B140B5 /* MentorsScreenRouter.swift in Sources */,
				17E679C128E3796D00B140B5 /* UIColor + hex.swift in Sources */,
				17174B4528E5754700C7BD3C /* DetailedMentorViewController.swift in Sources */,
				17E679CB28E379B200B140B5 /* MentorsScreenPresenter.swift in Sources */,
				17F5A95B28EB318C002546EF /* ProfileScreenConfigurator.swift in Sources */,
				17E679DC28E379E400B140B5 /* ProfileScreenModels.swift in Sources */,
			);
			runOnlyForDeploymentPostprocessing = 0;
		};
/* End PBXSourcesBuildPhase section */

/* Begin PBXVariantGroup section */
		17E6798328E3766B00B140B5 /* Main.storyboard */ = {
			isa = PBXVariantGroup;
			children = (
				17E6798428E3766B00B140B5 /* Base */,
			);
			name = Main.storyboard;
			sourceTree = "<group>";
		};
		17E6798828E3766D00B140B5 /* LaunchScreen.storyboard */ = {
			isa = PBXVariantGroup;
			children = (
				17E6798928E3766D00B140B5 /* Base */,
			);
			name = LaunchScreen.storyboard;
			sourceTree = "<group>";
		};
/* End PBXVariantGroup section */

/* Begin XCBuildConfiguration section */
		17E6798C28E3766D00B140B5 /* Debug */ = {
			isa = XCBuildConfiguration;
			buildSettings = {
				ALWAYS_SEARCH_USER_PATHS = NO;
				CLANG_ANALYZER_NONNULL = YES;
				CLANG_ANALYZER_NUMBER_OBJECT_CONVERSION = YES_AGGRESSIVE;
				CLANG_CXX_LANGUAGE_STANDARD = "gnu++20";
				CLANG_ENABLE_MODULES = YES;
				CLANG_ENABLE_OBJC_ARC = YES;
				CLANG_ENABLE_OBJC_WEAK = YES;
				CLANG_WARN_BLOCK_CAPTURE_AUTORELEASING = YES;
				CLANG_WARN_BOOL_CONVERSION = YES;
				CLANG_WARN_COMMA = YES;
				CLANG_WARN_CONSTANT_CONVERSION = YES;
				CLANG_WARN_DEPRECATED_OBJC_IMPLEMENTATIONS = YES;
				CLANG_WARN_DIRECT_OBJC_ISA_USAGE = YES_ERROR;
				CLANG_WARN_DOCUMENTATION_COMMENTS = YES;
				CLANG_WARN_EMPTY_BODY = YES;
				CLANG_WARN_ENUM_CONVERSION = YES;
				CLANG_WARN_INFINITE_RECURSION = YES;
				CLANG_WARN_INT_CONVERSION = YES;
				CLANG_WARN_NON_LITERAL_NULL_CONVERSION = YES;
				CLANG_WARN_OBJC_IMPLICIT_RETAIN_SELF = YES;
				CLANG_WARN_OBJC_LITERAL_CONVERSION = YES;
				CLANG_WARN_OBJC_ROOT_CLASS = YES_ERROR;
				CLANG_WARN_QUOTED_INCLUDE_IN_FRAMEWORK_HEADER = YES;
				CLANG_WARN_RANGE_LOOP_ANALYSIS = YES;
				CLANG_WARN_STRICT_PROTOTYPES = YES;
				CLANG_WARN_SUSPICIOUS_MOVE = YES;
				CLANG_WARN_UNGUARDED_AVAILABILITY = YES_AGGRESSIVE;
				CLANG_WARN_UNREACHABLE_CODE = YES;
				CLANG_WARN__DUPLICATE_METHOD_MATCH = YES;
				COPY_PHASE_STRIP = NO;
				DEBUG_INFORMATION_FORMAT = dwarf;
				ENABLE_STRICT_OBJC_MSGSEND = YES;
				ENABLE_TESTABILITY = YES;
				GCC_C_LANGUAGE_STANDARD = gnu11;
				GCC_DYNAMIC_NO_PIC = NO;
				GCC_NO_COMMON_BLOCKS = YES;
				GCC_OPTIMIZATION_LEVEL = 0;
				GCC_PREPROCESSOR_DEFINITIONS = (
					"DEBUG=1",
					"$(inherited)",
				);
				GCC_WARN_64_TO_32_BIT_CONVERSION = YES;
				GCC_WARN_ABOUT_RETURN_TYPE = YES_ERROR;
				GCC_WARN_UNDECLARED_SELECTOR = YES;
				GCC_WARN_UNINITIALIZED_AUTOS = YES_AGGRESSIVE;
				GCC_WARN_UNUSED_FUNCTION = YES;
				GCC_WARN_UNUSED_VARIABLE = YES;
				IPHONEOS_DEPLOYMENT_TARGET = 16.0;
				MTL_ENABLE_DEBUG_INFO = INCLUDE_SOURCE;
				MTL_FAST_MATH = YES;
				ONLY_ACTIVE_ARCH = YES;
				SDKROOT = iphoneos;
				SWIFT_ACTIVE_COMPILATION_CONDITIONS = DEBUG;
				SWIFT_OPTIMIZATION_LEVEL = "-Onone";
			};
			name = Debug;
		};
		17E6798D28E3766D00B140B5 /* Release */ = {
			isa = XCBuildConfiguration;
			buildSettings = {
				ALWAYS_SEARCH_USER_PATHS = NO;
				CLANG_ANALYZER_NONNULL = YES;
				CLANG_ANALYZER_NUMBER_OBJECT_CONVERSION = YES_AGGRESSIVE;
				CLANG_CXX_LANGUAGE_STANDARD = "gnu++20";
				CLANG_ENABLE_MODULES = YES;
				CLANG_ENABLE_OBJC_ARC = YES;
				CLANG_ENABLE_OBJC_WEAK = YES;
				CLANG_WARN_BLOCK_CAPTURE_AUTORELEASING = YES;
				CLANG_WARN_BOOL_CONVERSION = YES;
				CLANG_WARN_COMMA = YES;
				CLANG_WARN_CONSTANT_CONVERSION = YES;
				CLANG_WARN_DEPRECATED_OBJC_IMPLEMENTATIONS = YES;
				CLANG_WARN_DIRECT_OBJC_ISA_USAGE = YES_ERROR;
				CLANG_WARN_DOCUMENTATION_COMMENTS = YES;
				CLANG_WARN_EMPTY_BODY = YES;
				CLANG_WARN_ENUM_CONVERSION = YES;
				CLANG_WARN_INFINITE_RECURSION = YES;
				CLANG_WARN_INT_CONVERSION = YES;
				CLANG_WARN_NON_LITERAL_NULL_CONVERSION = YES;
				CLANG_WARN_OBJC_IMPLICIT_RETAIN_SELF = YES;
				CLANG_WARN_OBJC_LITERAL_CONVERSION = YES;
				CLANG_WARN_OBJC_ROOT_CLASS = YES_ERROR;
				CLANG_WARN_QUOTED_INCLUDE_IN_FRAMEWORK_HEADER = YES;
				CLANG_WARN_RANGE_LOOP_ANALYSIS = YES;
				CLANG_WARN_STRICT_PROTOTYPES = YES;
				CLANG_WARN_SUSPICIOUS_MOVE = YES;
				CLANG_WARN_UNGUARDED_AVAILABILITY = YES_AGGRESSIVE;
				CLANG_WARN_UNREACHABLE_CODE = YES;
				CLANG_WARN__DUPLICATE_METHOD_MATCH = YES;
				COPY_PHASE_STRIP = NO;
				DEBUG_INFORMATION_FORMAT = "dwarf-with-dsym";
				ENABLE_NS_ASSERTIONS = NO;
				ENABLE_STRICT_OBJC_MSGSEND = YES;
				GCC_C_LANGUAGE_STANDARD = gnu11;
				GCC_NO_COMMON_BLOCKS = YES;
				GCC_WARN_64_TO_32_BIT_CONVERSION = YES;
				GCC_WARN_ABOUT_RETURN_TYPE = YES_ERROR;
				GCC_WARN_UNDECLARED_SELECTOR = YES;
				GCC_WARN_UNINITIALIZED_AUTOS = YES_AGGRESSIVE;
				GCC_WARN_UNUSED_FUNCTION = YES;
				GCC_WARN_UNUSED_VARIABLE = YES;
				IPHONEOS_DEPLOYMENT_TARGET = 16.0;
				MTL_ENABLE_DEBUG_INFO = NO;
				MTL_FAST_MATH = YES;
				SDKROOT = iphoneos;
				SWIFT_COMPILATION_MODE = wholemodule;
				SWIFT_OPTIMIZATION_LEVEL = "-O";
				VALIDATE_PRODUCT = YES;
			};
			name = Release;
		};
		17E6798F28E3766D00B140B5 /* Debug */ = {
			isa = XCBuildConfiguration;
			baseConfigurationReference = 6E26E4E6C33EDF6B072D6DA1 /* Pods-ITmentors.debug.xcconfig */;
			buildSettings = {
				ASSETCATALOG_COMPILER_APPICON_NAME = AppIcon;
				ASSETCATALOG_COMPILER_GLOBAL_ACCENT_COLOR_NAME = AccentColor;
				CLANG_ENABLE_MODULES = YES;
				CODE_SIGN_STYLE = Automatic;
				CURRENT_PROJECT_VERSION = 1;
				DEVELOPMENT_TEAM = M85PDP6HKH;
				GENERATE_INFOPLIST_FILE = YES;
				INFOPLIST_FILE = ITmentors/Info.plist;
				INFOPLIST_KEY_NSPhotoLibraryUsageDescription = gdfgdfg;
				INFOPLIST_KEY_UIApplicationSupportsIndirectInputEvents = YES;
				INFOPLIST_KEY_UILaunchStoryboardName = LaunchScreen.storyboard;
				INFOPLIST_KEY_UISupportedInterfaceOrientations_iPad = "UIInterfaceOrientationPortrait UIInterfaceOrientationPortraitUpsideDown UIInterfaceOrientationLandscapeLeft UIInterfaceOrientationLandscapeRight";
				INFOPLIST_KEY_UISupportedInterfaceOrientations_iPhone = "UIInterfaceOrientationPortrait UIInterfaceOrientationLandscapeLeft UIInterfaceOrientationLandscapeRight";
				LD_RUNPATH_SEARCH_PATHS = (
					"$(inherited)",
					"@executable_path/Frameworks",
				);
				MARKETING_VERSION = 1.0;
				PRODUCT_BUNDLE_IDENTIFIER = fonzyara.ITmentors;
				PRODUCT_NAME = "$(TARGET_NAME)";
				SWIFT_EMIT_LOC_STRINGS = YES;
				SWIFT_OPTIMIZATION_LEVEL = "-Onone";
				SWIFT_VERSION = 5.0;
				TARGETED_DEVICE_FAMILY = "1,2";
			};
			name = Debug;
		};
		17E6799028E3766D00B140B5 /* Release */ = {
			isa = XCBuildConfiguration;
			baseConfigurationReference = F447410171C934258E4BA426 /* Pods-ITmentors.release.xcconfig */;
			buildSettings = {
				ASSETCATALOG_COMPILER_APPICON_NAME = AppIcon;
				ASSETCATALOG_COMPILER_GLOBAL_ACCENT_COLOR_NAME = AccentColor;
				CLANG_ENABLE_MODULES = YES;
				CODE_SIGN_STYLE = Automatic;
				CURRENT_PROJECT_VERSION = 1;
				DEVELOPMENT_TEAM = M85PDP6HKH;
				GENERATE_INFOPLIST_FILE = YES;
				INFOPLIST_FILE = ITmentors/Info.plist;
				INFOPLIST_KEY_NSPhotoLibraryUsageDescription = gdfgdfg;
				INFOPLIST_KEY_UIApplicationSupportsIndirectInputEvents = YES;
				INFOPLIST_KEY_UILaunchStoryboardName = LaunchScreen.storyboard;
				INFOPLIST_KEY_UISupportedInterfaceOrientations_iPad = "UIInterfaceOrientationPortrait UIInterfaceOrientationPortraitUpsideDown UIInterfaceOrientationLandscapeLeft UIInterfaceOrientationLandscapeRight";
				INFOPLIST_KEY_UISupportedInterfaceOrientations_iPhone = "UIInterfaceOrientationPortrait UIInterfaceOrientationLandscapeLeft UIInterfaceOrientationLandscapeRight";
				LD_RUNPATH_SEARCH_PATHS = (
					"$(inherited)",
					"@executable_path/Frameworks",
				);
				MARKETING_VERSION = 1.0;
				PRODUCT_BUNDLE_IDENTIFIER = fonzyara.ITmentors;
				PRODUCT_NAME = "$(TARGET_NAME)";
				SWIFT_EMIT_LOC_STRINGS = YES;
				SWIFT_VERSION = 5.0;
				TARGETED_DEVICE_FAMILY = "1,2";
			};
			name = Release;
		};
/* End XCBuildConfiguration section */

/* Begin XCConfigurationList section */
		17E6797528E3766B00B140B5 /* Build configuration list for PBXProject "ITmentors" */ = {
			isa = XCConfigurationList;
			buildConfigurations = (
				17E6798C28E3766D00B140B5 /* Debug */,
				17E6798D28E3766D00B140B5 /* Release */,
			);
			defaultConfigurationIsVisible = 0;
			defaultConfigurationName = Release;
		};
		17E6798E28E3766D00B140B5 /* Build configuration list for PBXNativeTarget "ITmentors" */ = {
			isa = XCConfigurationList;
			buildConfigurations = (
				17E6798F28E3766D00B140B5 /* Debug */,
				17E6799028E3766D00B140B5 /* Release */,
			);
			defaultConfigurationIsVisible = 0;
			defaultConfigurationName = Release;
		};
/* End XCConfigurationList section */
	};
	rootObject = 17E6797228E3766B00B140B5 /* Project object */;
}
